{
  "nodes": {
    "flake-parts": {
      "inputs": {
        "nixpkgs-lib": "nixpkgs-lib"
      },
      "locked": {
        "lastModified": 1672152762,
        "narHash": "sha256-U8iWWHgabN07zfbgedogMVWrEP1Zywyf3Yx3OYHSSgE=",
        "owner": "hercules-ci",
        "repo": "flake-parts",
        "rev": "19e0f88324d90509141e192664ded98bb88ef9b2",
        "type": "github"
      },
      "original": {
        "owner": "hercules-ci",
        "repo": "flake-parts",
        "type": "github"
      }
    },
    "flake-utils": {
      "locked": {
        "lastModified": 1659877975,
        "narHash": "sha256-zllb8aq3YO3h8B/U0/J1WBgAL8EX5yWf5pMj3G0NAmc=",
        "owner": "numtide",
        "repo": "flake-utils",
        "rev": "c0e246b9b83f637f4681389ecabcb2681b4f3af0",
        "type": "github"
      },
      "original": {
        "owner": "numtide",
        "repo": "flake-utils",
        "type": "github"
      }
    },
    "nixpkgs": {
      "locked": {
        "lastModified": 1672262501,
        "narHash": "sha256-ZNXqX9lwYo1tOFAqrVtKTLcJ2QMKCr3WuIvpN8emp7I=",
        "owner": "nixos",
        "repo": "nixpkgs",
        "rev": "e182da8622a354d44c39b3d7a542dc12cd7baa5f",
        "type": "github"
      },
      "original": {
        "owner": "nixos",
        "ref": "nixos-unstable",
        "repo": "nixpkgs",
        "type": "github"
      }
    },
    "nixpkgs-lib": {
      "locked": {
        "dir": "lib",
        "lastModified": 1671359686,
        "narHash": "sha256-3MpC6yZo+Xn9cPordGz2/ii6IJpP2n8LE8e/ebUXLrs=",
        "owner": "NixOS",
        "repo": "nixpkgs",
        "rev": "04f574a1c0fde90b51bf68198e2297ca4e7cccf4",
        "type": "github"
      },
      "original": {
        "dir": "lib",
        "owner": "NixOS",
        "ref": "nixos-unstable",
        "repo": "nixpkgs",
        "type": "github"
      }
    },
    "nixpkgs_2": {
      "locked": {
        "lastModified": 1661151577,
        "narHash": "sha256-++S0TuJtuz9IpqP8rKktWyHZKpgdyrzDFUXVY07MTRI=",
        "owner": "NixOS",
        "repo": "nixpkgs",
        "rev": "54060e816971276da05970a983487a25810c38a7",
        "type": "github"
      },
      "original": {
        "owner": "NixOS",
        "ref": "nixpkgs-unstable",
        "repo": "nixpkgs",
        "type": "github"
      }
    },
    "root": {
      "inputs": {
        "flake-parts": "flake-parts",
        "nixpkgs": "nixpkgs",
        "zig": "zig",
        "zigmod-binary": "zigmod-binary"
      }
    },
    "zig": {
      "inputs": {
        "flake-utils": "flake-utils",
        "nixpkgs": "nixpkgs_2"
      },
      "locked": {
        "lastModified": 1672273408,
        "narHash": "sha256-kpFM+fNWH9iNNq6Bt0SCycKwEQQHL/m1v/q9czw332M=",
        "owner": "mitchellh",
        "repo": "zig-overlay",
        "rev": "46fea4220102f761063877ec5b7fe2bcbe05663e",
        "type": "github"
      },
      "original": {
        "owner": "mitchellh",
        "repo": "zig-overlay",
        "type": "github"
      }
    },
    "zigmod-binary": {
      "flake": false,
      "locked": {
        "narHash": "sha256-JLvTPPXtgl1hrTSQaF/BqYJG/We2XwgBAoYkC7Et+sU=",
        "type": "file",
        "url": "https://github.com/nektro/zigmod/releases/download/r84/zigmod-x86_64-linux"
      },
      "original": {
        "type": "file",
        "url": "https://github.com/nektro/zigmod/releases/download/r84/zigmod-x86_64-linux"
      }
    }
  },
  "root": "root",
  "version": 7
}
