{
  "nodes": {
    "crane": {
      "flake": false,
      "locked": {
        "lastModified": 1644785799,
        "narHash": "sha256-VpAJO1L0XeBvtCuNGK4IDKp6ENHIpTrlaZT7yfBCvwo=",
        "owner": "ipetkov",
        "repo": "crane",
        "rev": "fc7a94f841347c88f2cb44217b2a3faa93e2a0b2",
        "type": "github"
      },
      "original": {
        "owner": "ipetkov",
        "repo": "crane",
        "type": "github"
      }
    },
    "devshell": {
      "inputs": {
        "flake-utils": "flake-utils",
        "nixpkgs": [
          "nixCargoIntegration",
          "nixpkgs"
        ]
      },
      "locked": {
        "lastModified": 1647857022,
        "narHash": "sha256-Aw70NWLOIwKhT60MHDGjgWis3DP3faCzr6ap9CSayek=",
        "owner": "numtide",
        "repo": "devshell",
        "rev": "0a5ff74dacb9ea22614f64e61aeb3ca0bf0e7311",
        "type": "github"
      },
      "original": {
        "owner": "numtide",
        "repo": "devshell",
        "type": "github"
      }
    },
    "dream2nix": {
      "inputs": {
        "alejandra": [
          "nixCargoIntegration",
          "nixpkgs"
        ],
        "crane": "crane",
        "flake-utils-pre-commit": [
          "nixCargoIntegration",
          "nixpkgs"
        ],
        "gomod2nix": [
          "nixCargoIntegration",
          "nixpkgs"
        ],
        "mach-nix": [
          "nixCargoIntegration",
          "nixpkgs"
        ],
        "nixpkgs": [
          "nixCargoIntegration",
          "nixpkgs"
        ],
        "node2nix": [
          "nixCargoIntegration",
          "nixpkgs"
        ],
        "poetry2nix": [
          "nixCargoIntegration",
          "nixpkgs"
        ],
        "pre-commit-hooks": [
          "nixCargoIntegration",
          "nixpkgs"
        ]
      },
      "locked": {
        "lastModified": 1648211446,
        "narHash": "sha256-aowQr7jGGxyDMTrU1+s1axelt9N4F35ddFReMwYOWMs=",
        "owner": "nix-community",
        "repo": "dream2nix",
        "rev": "c121372991195e4ce575ee8f6ac660c6c66533e6",
        "type": "github"
      },
      "original": {
        "owner": "nix-community",
        "ref": "main",
        "repo": "dream2nix",
        "type": "github"
      }
    },
    "flake-utils": {
      "locked": {
        "lastModified": 1642700792,
        "narHash": "sha256-XqHrk7hFb+zBvRg6Ghl+AZDq03ov6OshJLiSWOoX5es=",
        "owner": "numtide",
        "repo": "flake-utils",
        "rev": "846b2ae0fc4cc943637d3d1def4454213e203cba",
        "type": "github"
      },
      "original": {
        "owner": "numtide",
        "repo": "flake-utils",
        "type": "github"
      }
    },
    "flakeCompat": {
      "flake": false,
      "locked": {
        "lastModified": 1648199409,
        "narHash": "sha256-JwPKdC2PoVBkG6E+eWw3j6BMR6sL3COpYWfif7RVb8Y=",
        "owner": "edolstra",
        "repo": "flake-compat",
        "rev": "64a525ee38886ab9028e6f61790de0832aa3ef03",
        "type": "github"
      },
      "original": {
        "owner": "edolstra",
        "repo": "flake-compat",
        "type": "github"
      }
    },
    "nixCargoIntegration": {
      "inputs": {
        "devshell": "devshell",
        "dream2nix": "dream2nix",
        "nixpkgs": "nixpkgs",
        "rustOverlay": "rustOverlay"
      },
      "locked": {
        "lastModified": 1648361474,
        "narHash": "sha256-9uhh4qXQyjlONemxA0iK2Jda18vDVfZHR34fwxoslPI=",
        "owner": "yusdacra",
        "repo": "nix-cargo-integration",
        "rev": "d8613616d4bf52c2dd5e2cf8c94c796346dbd96a",
        "type": "github"
      },
      "original": {
        "owner": "yusdacra",
        "repo": "nix-cargo-integration",
        "type": "github"
      }
    },
    "nixpkgs": {
      "locked": {
        "lastModified": 1648069223,
        "narHash": "sha256-BXzQV8p/RR440EB9qY0ULYfTH0zSW1stjUCYeP4SF+E=",
        "owner": "NixOS",
        "repo": "nixpkgs",
        "rev": "1d08ea2bd83abef174fb43cbfb8a856b8ef2ce26",
        "type": "github"
      },
      "original": {
        "owner": "NixOS",
        "ref": "nixos-unstable",
        "repo": "nixpkgs",
        "type": "github"
      }
    },
    "root": {
      "inputs": {
        "flakeCompat": "flakeCompat",
        "nixCargoIntegration": "nixCargoIntegration"
      }
    },
    "rustOverlay": {
      "flake": false,
      "locked": {
        "lastModified": 1648348179,
        "narHash": "sha256-Ck+ytZ9JRfIYIYMUCcRaGT4LLIFt8ii8Gld/0xSx23M=",
        "owner": "oxalica",
        "repo": "rust-overlay",
        "rev": "e6f378f258fc995df65846dca7208e43c9da07c1",
        "type": "github"
      },
      "original": {
        "owner": "oxalica",
        "repo": "rust-overlay",
        "type": "github"
      }
    }
  },
  "root": "root",
  "version": 7
}
